
Microsoft Visual Studio Solution File, Format Version 12.00
# Visual Studio Version 17
VisualStudioVersion = 17.3.32901.215
MinimumVisualStudioVersion = 10.0.40219.1
Project("{FAE04EC0-301F-11D3-BF4B-00C04F79EFBC}") = "1_DAL", "1_DAL\1_DAL.csproj", "{964CFFB4-69EA-434B-9DD7-661D328BFC47}"
EndProject
Project("{FAE04EC0-301F-11D3-BF4B-00C04F79EFBC}") = "2_BUS", "2_BUS\2_BUS.csproj", "{0A4DC29D-EA37-4A46-97A9-27DCEE71AC99}"
EndProject
Project("{FAE04EC0-301F-11D3-BF4B-00C04F79EFBC}") = "3_PL", "3_PL\3_PL.csproj", "{D20BD266-D6BA-4050-8F43-406033BF82F9}"
EndProject
Global
	GlobalSection(SolutionConfigurationPlatforms) = preSolution
		Debug|Any CPU = Debug|Any CPU
		Release|Any CPU = Release|Any CPU
	EndGlobalSection
	GlobalSection(ProjectConfigurationPlatforms) = postSolution
		{964CFFB4-69EA-434B-9DD7-661D328BFC47}.Debug|Any CPU.ActiveCfg = Debug|Any CPU
		{964CFFB4-69EA-434B-9DD7-661D328BFC47}.Debug|Any CPU.Build.0 = Debug|Any CPU
		{964CFFB4-69EA-434B-9DD7-661D328BFC47}.Release|Any CPU.ActiveCfg = Release|Any CPU
		{964CFFB4-69EA-434B-9DD7-661D328BFC47}.Release|Any CPU.Build.0 = Release|Any CPU
		{0A4DC29D-EA37-4A46-97A9-27DCEE71AC99}.Debug|Any CPU.ActiveCfg = Debug|Any CPU
		{0A4DC29D-EA37-4A46-97A9-27DCEE71AC99}.Debug|Any CPU.Build.0 = Debug|Any CPU
		{0A4DC29D-EA37-4A46-97A9-27DCEE71AC99}.Release|Any CPU.ActiveCfg = Release|Any CPU
		{0A4DC29D-EA37-4A46-97A9-27DCEE71AC99}.Release|Any CPU.Build.0 = Release|Any CPU
		{D20BD266-D6BA-4050-8F43-406033BF82F9}.Debug|Any CPU.ActiveCfg = Debug|Any CPU
		{D20BD266-D6BA-4050-8F43-406033BF82F9}.Debug|Any CPU.Build.0 = Debug|Any CPU
		{D20BD266-D6BA-4050-8F43-406033BF82F9}.Release|Any CPU.ActiveCfg = Release|Any CPU
		{D20BD266-D6BA-4050-8F43-406033BF82F9}.Release|Any CPU.Build.0 = Release|Any CPU
	EndGlobalSection
	GlobalSection(SolutionProperties) = preSolution
		HideSolutionNode = FALSE
	EndGlobalSection
	GlobalSection(ExtensibilityGlobals) = postSolution
		SolutionGuid = {DFBBC1FF-B6C1-4F74-822B-C54AB9381947}
	EndGlobalSection
EndGlobal
